// !$*UTF8*$!
{
	archiveVersion = 1;
	classes = {
	};
	objectVersion = 77;
	objects = {

/* Begin PBXBuildFile section */
		DD0D2FC52E390F5400BDF380 /* StarView.swift in Sources */ = {isa = PBXBuildFile; fileRef = DD0D2FC42E390F5300BDF380 /* StarView.swift */; };
		DD0D2FC72E39184000BDF380 /* StarsRateView.swift in Sources */ = {isa = PBXBuildFile; fileRef = DD0D2FC62E39183F00BDF380 /* StarsRateView.swift */; };
		DD0D2FC92E39299700BDF380 /* RatingModalViewController.swift in Sources */ = {isa = PBXBuildFile; fileRef = DD0D2FC82E39299600BDF380 /* RatingModalViewController.swift */; };
		DD2BABBD2E2E5C26004DF3F4 /* Friend+CoreDataClass.swift in Sources */ = {isa = PBXBuildFile; fileRef = DD2BABB92E2E5C26004DF3F4 /* Friend+CoreDataClass.swift */; };
		DD2BABBE2E2E5C26004DF3F4 /* Friend+CoreDataProperties.swift in Sources */ = {isa = PBXBuildFile; fileRef = DD2BABBA2E2E5C26004DF3F4 /* Friend+CoreDataProperties.swift */; };
		DD2BABBF2E2E5C26004DF3F4 /* Message+CoreDataProperties.swift in Sources */ = {isa = PBXBuildFile; fileRef = DD2BABBC2E2E5C26004DF3F4 /* Message+CoreDataProperties.swift */; };
		DD2BABC02E2E5C26004DF3F4 /* Message+CoreDataClass.swift in Sources */ = {isa = PBXBuildFile; fileRef = DD2BABBB2E2E5C26004DF3F4 /* Message+CoreDataClass.swift */; };
		DD2BABC22E2E6064004DF3F4 /* CoreDataService.swift in Sources */ = {isa = PBXBuildFile; fileRef = DD2BABC12E2E6063004DF3F4 /* CoreDataService.swift */; };
		DD2BABC52E2E8B19004DF3F4 /* MessageCell.swift in Sources */ = {isa = PBXBuildFile; fileRef = DD2BABC42E2E8B19004DF3F4 /* MessageCell.swift */; };
		DD2BABCA2E2ECA6F004DF3F4 /* UIColor+Hex.swift in Sources */ = {isa = PBXBuildFile; fileRef = DD2BABC92E2ECA6D004DF3F4 /* UIColor+Hex.swift */; };
		DD5333912E30210D003E0CE5 /* AvenirNextCyr-Medium.ttf in Resources */ = {isa = PBXBuildFile; fileRef = DD5333902E30210D003E0CE5 /* AvenirNextCyr-Medium.ttf */; };
		DD5333952E302135003E0CE5 /* AvenirNextCyr-Regular.ttf in Resources */ = {isa = PBXBuildFile; fileRef = DD5333942E302135003E0CE5 /* AvenirNextCyr-Regular.ttf */; };
		DD5333992E302176003E0CE5 /* AvenirNextCyr-Bold.ttf in Resources */ = {isa = PBXBuildFile; fileRef = DD5333982E302176003E0CE5 /* AvenirNextCyr-Bold.ttf */; };
		DD53339D2E302241003E0CE5 /* GlobalConstants.swift in Sources */ = {isa = PBXBuildFile; fileRef = DD53339C2E302240003E0CE5 /* GlobalConstants.swift */; };
		DD5333A22E30C857003E0CE5 /* NetworkService.swift in Sources */ = {isa = PBXBuildFile; fileRef = DD5333A12E30C855003E0CE5 /* NetworkService.swift */; };
		DD5333A52E30CA92003E0CE5 /* Location.swift in Sources */ = {isa = PBXBuildFile; fileRef = DD5333A42E30CA8D003E0CE5 /* Location.swift */; };
		DD5333A72E30E13A003E0CE5 /* AvenirNextCyr-Demi.ttf in Resources */ = {isa = PBXBuildFile; fileRef = DD5333A62E30E13A003E0CE5 /* AvenirNextCyr-Demi.ttf */; };
		DD93F22D2E33C9BE0074BD49 /* NotificationName+customNames.swift in Sources */ = {isa = PBXBuildFile; fileRef = DD93F22C2E33C9BD0074BD49 /* NotificationName+customNames.swift */; };
		DD93F22F2E33D6B80074BD49 /* UIViewController+notifications.swift in Sources */ = {isa = PBXBuildFile; fileRef = DD93F22E2E33D6B70074BD49 /* UIViewController+notifications.swift */; };
		DD93F2312E33DB910074BD49 /* BaseViewController.swift in Sources */ = {isa = PBXBuildFile; fileRef = DD93F2302E33DB900074BD49 /* BaseViewController.swift */; };
		DD93F2332E340B9C0074BD49 /* MapOverlayView.swift in Sources */ = {isa = PBXBuildFile; fileRef = DD93F2322E340B920074BD49 /* MapOverlayView.swift */; };
		DD93F2352E34D1780074BD49 /* UIButton+animateTap.swift in Sources */ = {isa = PBXBuildFile; fileRef = DD93F2342E34D1770074BD49 /* UIButton+animateTap.swift */; };
		DD93F2B22E353B310074BD49 /* SettingsCell.swift in Sources */ = {isa = PBXBuildFile; fileRef = DD93F2B12E353B290074BD49 /* SettingsCell.swift */; };
		DDD5B45C2E2E0AD100664B3A /* AppDelegate.swift in Sources */ = {isa = PBXBuildFile; fileRef = DDD5B4502E2E0AD100664B3A /* AppDelegate.swift */; };
		DDD5B45D2E2E0AD100664B3A /* LiveTalks.xcdatamodeld in Sources */ = {isa = PBXBuildFile; fileRef = DDD5B4552E2E0AD100664B3A /* LiveTalks.xcdatamodeld */; };
		DDD5B45E2E2E0AD100664B3A /* SceneDelegate.swift in Sources */ = {isa = PBXBuildFile; fileRef = DDD5B4582E2E0AD100664B3A /* SceneDelegate.swift */; };
		DDD5B45F2E2E0AD100664B3A /* ChatViewController.swift in Sources */ = {isa = PBXBuildFile; fileRef = DDD5B4592E2E0AD100664B3A /* ChatViewController.swift */; };
		DDD5B4602E2E0AD100664B3A /* Assets.xcassets in Resources */ = {isa = PBXBuildFile; fileRef = DDD5B4512E2E0AD100664B3A /* Assets.xcassets */; };
		DDD5B4622E2E0AD100664B3A /* LaunchScreen.storyboard in Resources */ = {isa = PBXBuildFile; fileRef = DDD5B4542E2E0AD100664B3A /* LaunchScreen.storyboard */; };
		DDD5B4672E2E0B9D00664B3A /* ChatListViewController.swift in Sources */ = {isa = PBXBuildFile; fileRef = DDD5B4662E2E0B9B00664B3A /* ChatListViewController.swift */; };
		DDD5B4692E2E0C3A00664B3A /* LocationViewController.swift in Sources */ = {isa = PBXBuildFile; fileRef = DDD5B4682E2E0C3500664B3A /* LocationViewController.swift */; };
		DDD5B46B2E2E0CA500664B3A /* SettingsViewController.swift in Sources */ = {isa = PBXBuildFile; fileRef = DDD5B46A2E2E0C9900664B3A /* SettingsViewController.swift */; };
		DDD5B46F2E2E0D9F00664B3A /* TabBarController.swift in Sources */ = {isa = PBXBuildFile; fileRef = DDD5B46E2E2E0D9B00664B3A /* TabBarController.swift */; };
		DDD5B47E2E2E11E100664B3A /* ChatView.swift in Sources */ = {isa = PBXBuildFile; fileRef = DDD5B47D2E2E11E000664B3A /* ChatView.swift */; };
		DDD5B4802E2E12AA00664B3A /* LocationView.swift in Sources */ = {isa = PBXBuildFile; fileRef = DDD5B47F2E2E12A900664B3A /* LocationView.swift */; };
		DDD5B4822E2E135200664B3A /* ChatHistoryView.swift in Sources */ = {isa = PBXBuildFile; fileRef = DDD5B4812E2E134900664B3A /* ChatHistoryView.swift */; };
		DDD5B4842E2E136C00664B3A /* SettingsView.swift in Sources */ = {isa = PBXBuildFile; fileRef = DDD5B4832E2E136500664B3A /* SettingsView.swift */; };
		DDD5B4872E2E13B300664B3A /* SnapKit in Frameworks */ = {isa = PBXBuildFile; productRef = DDD5B4862E2E13B300664B3A /* SnapKit */; };
		DDFAD23A2E3189CC008E9ABE /* Localizable.strings in Resources */ = {isa = PBXBuildFile; fileRef = DDFAD2382E3189CC008E9ABE /* Localizable.strings */; };
		DDFAD23E2E32203F008E9ABE /* ChatHistoryCell.swift in Sources */ = {isa = PBXBuildFile; fileRef = DDFAD23D2E322037008E9ABE /* ChatHistoryCell.swift */; };
		DDFAD2412E3235E8008E9ABE /* Localizable.swift in Sources */ = {isa = PBXBuildFile; fileRef = DDFAD2402E3235D4008E9ABE /* Localizable.swift */; };
/* End PBXBuildFile section */

/* Begin PBXFileReference section */
		DD0D2FC42E390F5300BDF380 /* StarView.swift */ = {isa = PBXFileReference; lastKnownFileType = sourcecode.swift; path = StarView.swift; sourceTree = "<group>"; };
		DD0D2FC62E39183F00BDF380 /* StarsRateView.swift */ = {isa = PBXFileReference; lastKnownFileType = sourcecode.swift; path = StarsRateView.swift; sourceTree = "<group>"; };
		DD0D2FC82E39299600BDF380 /* RatingModalViewController.swift */ = {isa = PBXFileReference; lastKnownFileType = sourcecode.swift; path = RatingModalViewController.swift; sourceTree = "<group>"; };
		DD2BABB92E2E5C26004DF3F4 /* Friend+CoreDataClass.swift */ = {isa = PBXFileReference; lastKnownFileType = sourcecode.swift; path = "Friend+CoreDataClass.swift"; sourceTree = "<group>"; };
		DD2BABBA2E2E5C26004DF3F4 /* Friend+CoreDataProperties.swift */ = {isa = PBXFileReference; lastKnownFileType = sourcecode.swift; path = "Friend+CoreDataProperties.swift"; sourceTree = "<group>"; };
		DD2BABBB2E2E5C26004DF3F4 /* Message+CoreDataClass.swift */ = {isa = PBXFileReference; lastKnownFileType = sourcecode.swift; path = "Message+CoreDataClass.swift"; sourceTree = "<group>"; };
		DD2BABBC2E2E5C26004DF3F4 /* Message+CoreDataProperties.swift */ = {isa = PBXFileReference; lastKnownFileType = sourcecode.swift; path = "Message+CoreDataProperties.swift"; sourceTree = "<group>"; };
		DD2BABC12E2E6063004DF3F4 /* CoreDataService.swift */ = {isa = PBXFileReference; lastKnownFileType = sourcecode.swift; path = CoreDataService.swift; sourceTree = "<group>"; };
		DD2BABC42E2E8B19004DF3F4 /* MessageCell.swift */ = {isa = PBXFileReference; lastKnownFileType = sourcecode.swift; path = MessageCell.swift; sourceTree = "<group>"; };
		DD2BABC92E2ECA6D004DF3F4 /* UIColor+Hex.swift */ = {isa = PBXFileReference; lastKnownFileType = sourcecode.swift; path = "UIColor+Hex.swift"; sourceTree = "<group>"; };
		DD5333902E30210D003E0CE5 /* AvenirNextCyr-Medium.ttf */ = {isa = PBXFileReference; lastKnownFileType = file; path = "AvenirNextCyr-Medium.ttf"; sourceTree = "<group>"; };
		DD5333942E302135003E0CE5 /* AvenirNextCyr-Regular.ttf */ = {isa = PBXFileReference; lastKnownFileType = file; path = "AvenirNextCyr-Regular.ttf"; sourceTree = "<group>"; };
		DD5333982E302176003E0CE5 /* AvenirNextCyr-Bold.ttf */ = {isa = PBXFileReference; lastKnownFileType = file; path = "AvenirNextCyr-Bold.ttf"; sourceTree = "<group>"; };
		DD53339C2E302240003E0CE5 /* GlobalConstants.swift */ = {isa = PBXFileReference; lastKnownFileType = sourcecode.swift; path = GlobalConstants.swift; sourceTree = "<group>"; };
		DD5333A12E30C855003E0CE5 /* NetworkService.swift */ = {isa = PBXFileReference; lastKnownFileType = sourcecode.swift; path = NetworkService.swift; sourceTree = "<group>"; };
		DD5333A42E30CA8D003E0CE5 /* Location.swift */ = {isa = PBXFileReference; lastKnownFileType = sourcecode.swift; path = Location.swift; sourceTree = "<group>"; };
		DD5333A62E30E13A003E0CE5 /* AvenirNextCyr-Demi.ttf */ = {isa = PBXFileReference; lastKnownFileType = file; path = "AvenirNextCyr-Demi.ttf"; sourceTree = "<group>"; };
		DD93F22C2E33C9BD0074BD49 /* NotificationName+customNames.swift */ = {isa = PBXFileReference; lastKnownFileType = sourcecode.swift; path = "NotificationName+customNames.swift"; sourceTree = "<group>"; };
		DD93F22E2E33D6B70074BD49 /* UIViewController+notifications.swift */ = {isa = PBXFileReference; lastKnownFileType = sourcecode.swift; path = "UIViewController+notifications.swift"; sourceTree = "<group>"; };
		DD93F2302E33DB900074BD49 /* BaseViewController.swift */ = {isa = PBXFileReference; lastKnownFileType = sourcecode.swift; path = BaseViewController.swift; sourceTree = "<group>"; };
		DD93F2322E340B920074BD49 /* MapOverlayView.swift */ = {isa = PBXFileReference; lastKnownFileType = sourcecode.swift; path = MapOverlayView.swift; sourceTree = "<group>"; };
		DD93F2342E34D1770074BD49 /* UIButton+animateTap.swift */ = {isa = PBXFileReference; lastKnownFileType = sourcecode.swift; path = "UIButton+animateTap.swift"; sourceTree = "<group>"; };
		DD93F2B12E353B290074BD49 /* SettingsCell.swift */ = {isa = PBXFileReference; lastKnownFileType = sourcecode.swift; path = SettingsCell.swift; sourceTree = "<group>"; };
		DD93F2B62E36BACF0074BD49 /* Info.plist */ = {isa = PBXFileReference; lastKnownFileType = text.plist.xml; path = Info.plist; sourceTree = "<group>"; };
		DDD5B4222E2E08E400664B3A /* LiveTalks.app */ = {isa = PBXFileReference; explicitFileType = wrapper.application; includeInIndex = 0; path = LiveTalks.app; sourceTree = BUILT_PRODUCTS_DIR; };
		DDD5B4502E2E0AD100664B3A /* AppDelegate.swift */ = {isa = PBXFileReference; lastKnownFileType = sourcecode.swift; path = AppDelegate.swift; sourceTree = "<group>"; };
		DDD5B4512E2E0AD100664B3A /* Assets.xcassets */ = {isa = PBXFileReference; lastKnownFileType = folder.assetcatalog; path = Assets.xcassets; sourceTree = "<group>"; };
		DDD5B4532E2E0AD100664B3A /* Base */ = {isa = PBXFileReference; lastKnownFileType = file.storyboard; name = Base; path = Base.lproj/LaunchScreen.storyboard; sourceTree = "<group>"; };
		DDD5B4582E2E0AD100664B3A /* SceneDelegate.swift */ = {isa = PBXFileReference; lastKnownFileType = sourcecode.swift; path = SceneDelegate.swift; sourceTree = "<group>"; };
		DDD5B4592E2E0AD100664B3A /* ChatViewController.swift */ = {isa = PBXFileReference; lastKnownFileType = sourcecode.swift; path = ChatViewController.swift; sourceTree = "<group>"; };
		DDD5B45B2E2E0AD100664B3A /* LiveTalks.xcdatamodel */ = {isa = PBXFileReference; lastKnownFileType = wrapper.xcdatamodel; path = LiveTalks.xcdatamodel; sourceTree = "<group>"; };
		DDD5B4662E2E0B9B00664B3A /* ChatListViewController.swift */ = {isa = PBXFileReference; lastKnownFileType = sourcecode.swift; path = ChatListViewController.swift; sourceTree = "<group>"; };
		DDD5B4682E2E0C3500664B3A /* LocationViewController.swift */ = {isa = PBXFileReference; lastKnownFileType = sourcecode.swift; path = LocationViewController.swift; sourceTree = "<group>"; };
		DDD5B46A2E2E0C9900664B3A /* SettingsViewController.swift */ = {isa = PBXFileReference; lastKnownFileType = sourcecode.swift; path = SettingsViewController.swift; sourceTree = "<group>"; };
		DDD5B46E2E2E0D9B00664B3A /* TabBarController.swift */ = {isa = PBXFileReference; lastKnownFileType = sourcecode.swift; path = TabBarController.swift; sourceTree = "<group>"; };
		DDD5B47D2E2E11E000664B3A /* ChatView.swift */ = {isa = PBXFileReference; lastKnownFileType = sourcecode.swift; path = ChatView.swift; sourceTree = "<group>"; };
		DDD5B47F2E2E12A900664B3A /* LocationView.swift */ = {isa = PBXFileReference; lastKnownFileType = sourcecode.swift; path = LocationView.swift; sourceTree = "<group>"; };
		DDD5B4812E2E134900664B3A /* ChatHistoryView.swift */ = {isa = PBXFileReference; lastKnownFileType = sourcecode.swift; path = ChatHistoryView.swift; sourceTree = "<group>"; };
		DDD5B4832E2E136500664B3A /* SettingsView.swift */ = {isa = PBXFileReference; lastKnownFileType = sourcecode.swift; path = SettingsView.swift; sourceTree = "<group>"; };
		DDFAD2352E318716008E9ABE /* de */ = {isa = PBXFileReference; lastKnownFileType = text.plist.strings; name = de; path = de.lproj/LaunchScreen.strings; sourceTree = "<group>"; };
		DDFAD2392E3189CC008E9ABE /* en */ = {isa = PBXFileReference; lastKnownFileType = text.plist.strings; name = en; path = en.lproj/Localizable.strings; sourceTree = "<group>"; };
		DDFAD23B2E318AA6008E9ABE /* de */ = {isa = PBXFileReference; lastKnownFileType = text.plist.strings; name = de; path = de.lproj/Localizable.strings; sourceTree = "<group>"; };
		DDFAD23D2E322037008E9ABE /* ChatHistoryCell.swift */ = {isa = PBXFileReference; lastKnownFileType = sourcecode.swift; path = ChatHistoryCell.swift; sourceTree = "<group>"; };
		DDFAD2402E3235D4008E9ABE /* Localizable.swift */ = {isa = PBXFileReference; lastKnownFileType = sourcecode.swift; path = Localizable.swift; sourceTree = "<group>"; };
/* End PBXFileReference section */

/* Begin PBXFrameworksBuildPhase section */
		DDD5B41F2E2E08E400664B3A /* Frameworks */ = {
			isa = PBXFrameworksBuildPhase;
			buildActionMask = 2147483647;
			files = (
				DDD5B4872E2E13B300664B3A /* SnapKit in Frameworks */,
			);
			runOnlyForDeploymentPostprocessing = 0;
		};
/* End PBXFrameworksBuildPhase section */

/* Begin PBXGroup section */
		DD10E8D22E2E54A8008F5FB6 /* Entities */ = {
			isa = PBXGroup;
			children = (
				DDD5B4552E2E0AD100664B3A /* LiveTalks.xcdatamodeld */,
			);
			path = Entities;
			sourceTree = "<group>";
		};
		DD10E8D32E2E54A8008F5FB6 /* LocalStorageService */ = {
			isa = PBXGroup;
			children = (
				DD2BABC12E2E6063004DF3F4 /* CoreDataService.swift */,
				DD2BABB92E2E5C26004DF3F4 /* Friend+CoreDataClass.swift */,
				DD2BABBA2E2E5C26004DF3F4 /* Friend+CoreDataProperties.swift */,
				DD2BABBB2E2E5C26004DF3F4 /* Message+CoreDataClass.swift */,
				DD2BABBC2E2E5C26004DF3F4 /* Message+CoreDataProperties.swift */,
				DD10E8D22E2E54A8008F5FB6 /* Entities */,
			);
			path = LocalStorageService;
			sourceTree = "<group>";
		};
		DD2BABC32E2E70FF004DF3F4 /* Services */ = {
			isa = PBXGroup;
			children = (
				DD53339E2E30C824003E0CE5 /* NetworkService */,
				DD10E8D32E2E54A8008F5FB6 /* LocalStorageService */,
			);
			path = Services;
			sourceTree = "<group>";
		};
		DD2BABC82E2ECA59004DF3F4 /* Extensions */ = {
			isa = PBXGroup;
			children = (
				DD93F2342E34D1770074BD49 /* UIButton+animateTap.swift */,
				DD93F22E2E33D6B70074BD49 /* UIViewController+notifications.swift */,
				DD93F22C2E33C9BD0074BD49 /* NotificationName+customNames.swift */,
				DD2BABC92E2ECA6D004DF3F4 /* UIColor+Hex.swift */,
			);
			path = Extensions;
			sourceTree = "<group>";
		};
		DD2BABCB2E2F6E0D004DF3F4 /* Cell */ = {
			isa = PBXGroup;
			children = (
				DD2BABC42E2E8B19004DF3F4 /* MessageCell.swift */,
			);
			path = Cell;
			sourceTree = "<group>";
		};
		DD53338E2E3020D8003E0CE5 /* Resources */ = {
			isa = PBXGroup;
			children = (
				DDFAD23F2E3235BF008E9ABE /* Localizable */,
				DD53339C2E302240003E0CE5 /* GlobalConstants.swift */,
				DD53338F2E3020DD003E0CE5 /* Fonts */,
				DDD5B4512E2E0AD100664B3A /* Assets.xcassets */,
			);
			path = Resources;
			sourceTree = "<group>";
		};
		DD53338F2E3020DD003E0CE5 /* Fonts */ = {
			isa = PBXGroup;
			children = (
				DD5333982E302176003E0CE5 /* AvenirNextCyr-Bold.ttf */,
				DD5333A62E30E13A003E0CE5 /* AvenirNextCyr-Demi.ttf */,
				DD5333902E30210D003E0CE5 /* AvenirNextCyr-Medium.ttf */,
				DD5333942E302135003E0CE5 /* AvenirNextCyr-Regular.ttf */,
			);
			path = Fonts;
			sourceTree = "<group>";
		};
		DD53339E2E30C824003E0CE5 /* NetworkService */ = {
			isa = PBXGroup;
			children = (
				DD5333A12E30C855003E0CE5 /* NetworkService.swift */,
			);
			path = NetworkService;
			sourceTree = "<group>";
		};
		DD5333A32E30CA6B003E0CE5 /* Model */ = {
			isa = PBXGroup;
			children = (
				DD5333A42E30CA8D003E0CE5 /* Location.swift */,
			);
			path = Model;
			sourceTree = "<group>";
		};
		DD93F2B02E353B170074BD49 /* Cell */ = {
			isa = PBXGroup;
			children = (
				DD93F2B12E353B290074BD49 /* SettingsCell.swift */,
			);
			path = Cell;
			sourceTree = "<group>";
		};
		DD93F2B32E36B7B30074BD49 /* SupportingFiles */ = {
			isa = PBXGroup;
			children = (
				DD93F2B62E36BACF0074BD49 /* Info.plist */,
				DDD5B4542E2E0AD100664B3A /* LaunchScreen.storyboard */,
			);
			path = SupportingFiles;
			sourceTree = "<group>";
		};
		DDD5B4192E2E08E400664B3A = {
			isa = PBXGroup;
			children = (
				DDD5B45A2E2E0AD100664B3A /* LiveTalks */,
				DDD5B4232E2E08E400664B3A /* Products */,
			);
			sourceTree = "<group>";
		};
		DDD5B4232E2E08E400664B3A /* Products */ = {
			isa = PBXGroup;
			children = (
				DDD5B4222E2E08E400664B3A /* LiveTalks.app */,
			);
			name = Products;
			sourceTree = "<group>";
		};
		DDD5B45A2E2E0AD100664B3A /* LiveTalks */ = {
			isa = PBXGroup;
			children = (
				DDD5B4642E2E0AD600664B3A /* App */,
				DD5333A32E30CA6B003E0CE5 /* Model */,
				DDD5B46D2E2E0D5B00664B3A /* TabBar */,
				DD2BABC32E2E70FF004DF3F4 /* Services */,
				DD2BABC82E2ECA59004DF3F4 /* Extensions */,
				DD53338E2E3020D8003E0CE5 /* Resources */,
				DD93F2B32E36B7B30074BD49 /* SupportingFiles */,
			);
			path = LiveTalks;
			sourceTree = "<group>";
		};
		DDD5B4642E2E0AD600664B3A /* App */ = {
			isa = PBXGroup;
			children = (
				DDD5B4502E2E0AD100664B3A /* AppDelegate.swift */,
				DDD5B4582E2E0AD100664B3A /* SceneDelegate.swift */,
			);
			path = App;
			sourceTree = "<group>";
		};
		DDD5B46D2E2E0D5B00664B3A /* TabBar */ = {
			isa = PBXGroup;
			children = (
				DD93F2302E33DB900074BD49 /* BaseViewController.swift */,
				DDD5B46E2E2E0D9B00664B3A /* TabBarController.swift */,
				DDD5B4702E2E10B500664B3A /* Tabs */,
			);
			path = TabBar;
			sourceTree = "<group>";
		};
		DDD5B4702E2E10B500664B3A /* Tabs */ = {
			isa = PBXGroup;
			children = (
				DDD5B4762E2E10EF00664B3A /* TabChat */,
				DDD5B4752E2E10EB00664B3A /* TabLocation */,
				DDD5B4742E2E10E600664B3A /* TabChatHistory */,
				DDD5B4712E2E10C400664B3A /* TabSettings */,
			);
			path = Tabs;
			sourceTree = "<group>";
		};
		DDD5B4712E2E10C400664B3A /* TabSettings */ = {
			isa = PBXGroup;
			children = (
				DDD5B4732E2E10E000664B3A /* Views */,
				DDD5B4722E2E10C900664B3A /* ViewControllers */,
			);
			path = TabSettings;
			sourceTree = "<group>";
		};
		DDD5B4722E2E10C900664B3A /* ViewControllers */ = {
			isa = PBXGroup;
			children = (
				DDD5B46A2E2E0C9900664B3A /* SettingsViewController.swift */,
				DD0D2FC82E39299600BDF380 /* RatingModalViewController.swift */,
			);
			path = ViewControllers;
			sourceTree = "<group>";
		};
		DDD5B4732E2E10E000664B3A /* Views */ = {
			isa = PBXGroup;
			children = (
				DD93F2B02E353B170074BD49 /* Cell */,
				DDD5B4832E2E136500664B3A /* SettingsView.swift */,
				DD0D2FC42E390F5300BDF380 /* StarView.swift */,
				DD0D2FC62E39183F00BDF380 /* StarsRateView.swift */,
			);
			path = Views;
			sourceTree = "<group>";
		};
		DDD5B4742E2E10E600664B3A /* TabChatHistory */ = {
			isa = PBXGroup;
			children = (
				DDD5B4782E2E10F900664B3A /* Views */,
				DDD5B4772E2E10F400664B3A /* ViewControllers */,
			);
			path = TabChatHistory;
			sourceTree = "<group>";
		};
		DDD5B4752E2E10EB00664B3A /* TabLocation */ = {
			isa = PBXGroup;
			children = (
				DDD5B47A2E2E110300664B3A /* Views */,
				DDD5B4792E2E10FE00664B3A /* ViewControllers */,
			);
			path = TabLocation;
			sourceTree = "<group>";
		};
		DDD5B4762E2E10EF00664B3A /* TabChat */ = {
			isa = PBXGroup;
			children = (
				DDD5B47C2E2E111900664B3A /* Views */,
				DDD5B47B2E2E110C00664B3A /* ViewControllers */,
			);
			path = TabChat;
			sourceTree = "<group>";
		};
		DDD5B4772E2E10F400664B3A /* ViewControllers */ = {
			isa = PBXGroup;
			children = (
				DDD5B4662E2E0B9B00664B3A /* ChatListViewController.swift */,
			);
			path = ViewControllers;
			sourceTree = "<group>";
		};
		DDD5B4782E2E10F900664B3A /* Views */ = {
			isa = PBXGroup;
			children = (
				DDFAD23C2E321F65008E9ABE /* Cell */,
				DDD5B4812E2E134900664B3A /* ChatHistoryView.swift */,
			);
			path = Views;
			sourceTree = "<group>";
		};
		DDD5B4792E2E10FE00664B3A /* ViewControllers */ = {
			isa = PBXGroup;
			children = (
				DDD5B4682E2E0C3500664B3A /* LocationViewController.swift */,
			);
			path = ViewControllers;
			sourceTree = "<group>";
		};
		DDD5B47A2E2E110300664B3A /* Views */ = {
			isa = PBXGroup;
			children = (
				DD93F2322E340B920074BD49 /* MapOverlayView.swift */,
				DDD5B47F2E2E12A900664B3A /* LocationView.swift */,
			);
			path = Views;
			sourceTree = "<group>";
		};
		DDD5B47B2E2E110C00664B3A /* ViewControllers */ = {
			isa = PBXGroup;
			children = (
				DDD5B4592E2E0AD100664B3A /* ChatViewController.swift */,
			);
			path = ViewControllers;
			sourceTree = "<group>";
		};
		DDD5B47C2E2E111900664B3A /* Views */ = {
			isa = PBXGroup;
			children = (
				DD2BABCB2E2F6E0D004DF3F4 /* Cell */,
				DDD5B47D2E2E11E000664B3A /* ChatView.swift */,
			);
			path = Views;
			sourceTree = "<group>";
		};
		DDFAD23C2E321F65008E9ABE /* Cell */ = {
			isa = PBXGroup;
			children = (
				DDFAD23D2E322037008E9ABE /* ChatHistoryCell.swift */,
			);
			path = Cell;
			sourceTree = "<group>";
		};
		DDFAD23F2E3235BF008E9ABE /* Localizable */ = {
			isa = PBXGroup;
			children = (
				DDFAD2402E3235D4008E9ABE /* Localizable.swift */,
				DDFAD2382E3189CC008E9ABE /* Localizable.strings */,
			);
			path = Localizable;
			sourceTree = "<group>";
		};
/* End PBXGroup section */

/* Begin PBXNativeTarget section */
		DDD5B4212E2E08E400664B3A /* LiveTalks */ = {
			isa = PBXNativeTarget;
			buildConfigurationList = DDD5B4382E2E08E600664B3A /* Build configuration list for PBXNativeTarget "LiveTalks" */;
			buildPhases = (
				DDD5B41E2E2E08E400664B3A /* Sources */,
				DDD5B41F2E2E08E400664B3A /* Frameworks */,
				DDD5B4202E2E08E400664B3A /* Resources */,
			);
			buildRules = (
			);
			dependencies = (
			);
			name = LiveTalks;
			packageProductDependencies = (
				DDD5B4862E2E13B300664B3A /* SnapKit */,
			);
			productName = LiveTalks;
			productReference = DDD5B4222E2E08E400664B3A /* LiveTalks.app */;
			productType = "com.apple.product-type.application";
		};
/* End PBXNativeTarget section */

/* Begin PBXProject section */
		DDD5B41A2E2E08E400664B3A /* Project object */ = {
			isa = PBXProject;
			attributes = {
				BuildIndependentTargetsInParallel = 1;
				LastSwiftUpdateCheck = 1640;
				LastUpgradeCheck = 1640;
				TargetAttributes = {
					DDD5B4212E2E08E400664B3A = {
						CreatedOnToolsVersion = 16.4;
					};
				};
			};
			buildConfigurationList = DDD5B41D2E2E08E400664B3A /* Build configuration list for PBXProject "LiveTalks" */;
			developmentRegion = en;
			hasScannedForEncodings = 0;
			knownRegions = (
				en,
				Base,
				de,
			);
			mainGroup = DDD5B4192E2E08E400664B3A;
			minimizedProjectReferenceProxies = 1;
			packageReferences = (
				DDD5B4852E2E13B300664B3A /* XCRemoteSwiftPackageReference "SnapKit" */,
			);
			preferredProjectObjectVersion = 77;
			productRefGroup = DDD5B4232E2E08E400664B3A /* Products */;
			projectDirPath = "";
			projectRoot = "";
			targets = (
				DDD5B4212E2E08E400664B3A /* LiveTalks */,
			);
		};
/* End PBXProject section */

/* Begin PBXResourcesBuildPhase section */
		DDD5B4202E2E08E400664B3A /* Resources */ = {
			isa = PBXResourcesBuildPhase;
			buildActionMask = 2147483647;
			files = (
				DD5333992E302176003E0CE5 /* AvenirNextCyr-Bold.ttf in Resources */,
				DD5333912E30210D003E0CE5 /* AvenirNextCyr-Medium.ttf in Resources */,
				DD5333A72E30E13A003E0CE5 /* AvenirNextCyr-Demi.ttf in Resources */,
				DDFAD23A2E3189CC008E9ABE /* Localizable.strings in Resources */,
				DDD5B4602E2E0AD100664B3A /* Assets.xcassets in Resources */,
				DD5333952E302135003E0CE5 /* AvenirNextCyr-Regular.ttf in Resources */,
				DDD5B4622E2E0AD100664B3A /* LaunchScreen.storyboard in Resources */,
			);
			runOnlyForDeploymentPostprocessing = 0;
		};
/* End PBXResourcesBuildPhase section */

/* Begin PBXSourcesBuildPhase section */
		DDD5B41E2E2E08E400664B3A /* Sources */ = {
			isa = PBXSourcesBuildPhase;
			buildActionMask = 2147483647;
			files = (
				DDD5B45C2E2E0AD100664B3A /* AppDelegate.swift in Sources */,
				DDD5B4822E2E135200664B3A /* ChatHistoryView.swift in Sources */,
				DD93F2312E33DB910074BD49 /* BaseViewController.swift in Sources */,
				DDD5B46F2E2E0D9F00664B3A /* TabBarController.swift in Sources */,
				DD93F22F2E33D6B80074BD49 /* UIViewController+notifications.swift in Sources */,
				DD93F2332E340B9C0074BD49 /* MapOverlayView.swift in Sources */,
				DD93F2352E34D1780074BD49 /* UIButton+animateTap.swift in Sources */,
				DDD5B45D2E2E0AD100664B3A /* LiveTalks.xcdatamodeld in Sources */,
				DDD5B47E2E2E11E100664B3A /* ChatView.swift in Sources */,
				DDD5B46B2E2E0CA500664B3A /* SettingsViewController.swift in Sources */,
				DD2BABCA2E2ECA6F004DF3F4 /* UIColor+Hex.swift in Sources */,
				DDD5B45E2E2E0AD100664B3A /* SceneDelegate.swift in Sources */,
				DDFAD23E2E32203F008E9ABE /* ChatHistoryCell.swift in Sources */,
				DD93F22D2E33C9BE0074BD49 /* NotificationName+customNames.swift in Sources */,
				DD93F2B22E353B310074BD49 /* SettingsCell.swift in Sources */,
				DDD5B4802E2E12AA00664B3A /* LocationView.swift in Sources */,
				DD53339D2E302241003E0CE5 /* GlobalConstants.swift in Sources */,
				DD0D2FC72E39184000BDF380 /* StarsRateView.swift in Sources */,
				DD0D2FC52E390F5400BDF380 /* StarView.swift in Sources */,
				DDD5B4692E2E0C3A00664B3A /* LocationViewController.swift in Sources */,
				DDD5B4842E2E136C00664B3A /* SettingsView.swift in Sources */,
				DDD5B45F2E2E0AD100664B3A /* ChatViewController.swift in Sources */,
				DD2BABC22E2E6064004DF3F4 /* CoreDataService.swift in Sources */,
				DD5333A52E30CA92003E0CE5 /* Location.swift in Sources */,
				DD2BABC52E2E8B19004DF3F4 /* MessageCell.swift in Sources */,
				DD2BABBD2E2E5C26004DF3F4 /* Friend+CoreDataClass.swift in Sources */,
				DD2BABBE2E2E5C26004DF3F4 /* Friend+CoreDataProperties.swift in Sources */,
				DD0D2FC92E39299700BDF380 /* RatingModalViewController.swift in Sources */,
				DD5333A22E30C857003E0CE5 /* NetworkService.swift in Sources */,
				DD2BABBF2E2E5C26004DF3F4 /* Message+CoreDataProperties.swift in Sources */,
				DD2BABC02E2E5C26004DF3F4 /* Message+CoreDataClass.swift in Sources */,
				DDFAD2412E3235E8008E9ABE /* Localizable.swift in Sources */,
				DDD5B4672E2E0B9D00664B3A /* ChatListViewController.swift in Sources */,
			);
			runOnlyForDeploymentPostprocessing = 0;
		};
/* End PBXSourcesBuildPhase section */

/* Begin PBXVariantGroup section */
		DDD5B4542E2E0AD100664B3A /* LaunchScreen.storyboard */ = {
			isa = PBXVariantGroup;
			children = (
				DDD5B4532E2E0AD100664B3A /* Base */,
				DDFAD2352E318716008E9ABE /* de */,
			);
			name = LaunchScreen.storyboard;
			sourceTree = "<group>";
		};
		DDFAD2382E3189CC008E9ABE /* Localizable.strings */ = {
			isa = PBXVariantGroup;
			children = (
				DDFAD2392E3189CC008E9ABE /* en */,
				DDFAD23B2E318AA6008E9ABE /* de */,
			);
			name = Localizable.strings;
			sourceTree = "<group>";
		};
/* End PBXVariantGroup section */

/* Begin XCBuildConfiguration section */
		DDD5B4392E2E08E600664B3A /* Debug */ = {
			isa = XCBuildConfiguration;
			buildSettings = {
				ASSETCATALOG_COMPILER_APPICON_NAME = AppIcon;
				ASSETCATALOG_COMPILER_GLOBAL_ACCENT_COLOR_NAME = AccentColor;
				CODE_SIGN_STYLE = Automatic;
				CURRENT_PROJECT_VERSION = 1;
				DEVELOPMENT_TEAM = D28SS25G7Y;
				GENERATE_INFOPLIST_FILE = YES;
				INFOPLIST_FILE = LiveTalks/SupportingFiles/Info.plist;
				INFOPLIST_KEY_NSLocationWhenInUseUsageDescription = "“We need your location to center the map with your coordinats”";
				INFOPLIST_KEY_UIApplicationSupportsIndirectInputEvents = YES;
				INFOPLIST_KEY_UILaunchStoryboardName = LaunchScreen;
				INFOPLIST_KEY_UISupportedInterfaceOrientations_iPad = "UIInterfaceOrientationPortrait UIInterfaceOrientationPortraitUpsideDown UIInterfaceOrientationLandscapeLeft UIInterfaceOrientationLandscapeRight";
				INFOPLIST_KEY_UISupportedInterfaceOrientations_iPhone = "UIInterfaceOrientationPortrait UIInterfaceOrientationLandscapeLeft UIInterfaceOrientationLandscapeRight";
				IPHONEOS_DEPLOYMENT_TARGET = 16.0;
				LD_RUNPATH_SEARCH_PATHS = (
					"$(inherited)",
					"@executable_path/Frameworks",
				);
				MARKETING_VERSION = 1.0;
				PRODUCT_BUNDLE_IDENTIFIER = com.LiveTalks;
				PRODUCT_NAME = "$(TARGET_NAME)";
				SWIFT_EMIT_LOC_STRINGS = YES;
				SWIFT_VERSION = 5.0;
				TARGETED_DEVICE_FAMILY = "1,2";
			};
			name = Debug;
		};
		DDD5B43A2E2E08E600664B3A /* Release */ = {
			isa = XCBuildConfiguration;
			buildSettings = {
				ASSETCATALOG_COMPILER_APPICON_NAME = AppIcon;
				ASSETCATALOG_COMPILER_GLOBAL_ACCENT_COLOR_NAME = AccentColor;
				CODE_SIGN_STYLE = Automatic;
				CURRENT_PROJECT_VERSION = 1;
				DEVELOPMENT_TEAM = D28SS25G7Y;
				GENERATE_INFOPLIST_FILE = YES;
				INFOPLIST_FILE = LiveTalks/SupportingFiles/Info.plist;
				INFOPLIST_KEY_NSLocationWhenInUseUsageDescription = "“We need your location to center the map with your coordinats”";
				INFOPLIST_KEY_UIApplicationSupportsIndirectInputEvents = YES;
				INFOPLIST_KEY_UILaunchStoryboardName = LaunchScreen;
				INFOPLIST_KEY_UISupportedInterfaceOrientations_iPad = "UIInterfaceOrientationPortrait UIInterfaceOrientationPortraitUpsideDown UIInterfaceOrientationLandscapeLeft UIInterfaceOrientationLandscapeRight";
				INFOPLIST_KEY_UISupportedInterfaceOrientations_iPhone = "UIInterfaceOrientationPortrait UIInterfaceOrientationLandscapeLeft UIInterfaceOrientationLandscapeRight";
				IPHONEOS_DEPLOYMENT_TARGET = 16.0;
				LD_RUNPATH_SEARCH_PATHS = (
					"$(inherited)",
					"@executable_path/Frameworks",
				);
				MARKETING_VERSION = 1.0;
				PRODUCT_BUNDLE_IDENTIFIER = com.LiveTalks;
				PRODUCT_NAME = "$(TARGET_NAME)";
				SWIFT_EMIT_LOC_STRINGS = YES;
				SWIFT_VERSION = 5.0;
				TARGETED_DEVICE_FAMILY = "1,2";
			};
			name = Release;
		};
		DDD5B43B2E2E08E600664B3A /* Debug */ = {
			isa = XCBuildConfiguration;
			buildSettings = {
				ALWAYS_SEARCH_USER_PATHS = NO;
				ASSETCATALOG_COMPILER_GENERATE_SWIFT_ASSET_SYMBOL_EXTENSIONS = YES;
				CLANG_ANALYZER_LOCALIZABILITY_NONLOCALIZED = YES;
				CLANG_ANALYZER_NONNULL = YES;
				CLANG_ANALYZER_NUMBER_OBJECT_CONVERSION = YES_AGGRESSIVE;
				CLANG_CXX_LANGUAGE_STANDARD = "gnu++20";
				CLANG_ENABLE_MODULES = YES;
				CLANG_ENABLE_OBJC_ARC = YES;
				CLANG_ENABLE_OBJC_WEAK = YES;
				CLANG_WARN_BLOCK_CAPTURE_AUTORELEASING = YES;
				CLANG_WARN_BOOL_CONVERSION = YES;
				CLANG_WARN_COMMA = YES;
				CLANG_WARN_CONSTANT_CONVERSION = YES;
				CLANG_WARN_DEPRECATED_OBJC_IMPLEMENTATIONS = YES;
				CLANG_WARN_DIRECT_OBJC_ISA_USAGE = YES_ERROR;
				CLANG_WARN_DOCUMENTATION_COMMENTS = YES;
				CLANG_WARN_EMPTY_BODY = YES;
				CLANG_WARN_ENUM_CONVERSION = YES;
				CLANG_WARN_INFINITE_RECURSION = YES;
				CLANG_WARN_INT_CONVERSION = YES;
				CLANG_WARN_NON_LITERAL_NULL_CONVERSION = YES;
				CLANG_WARN_OBJC_IMPLICIT_RETAIN_SELF = YES;
				CLANG_WARN_OBJC_LITERAL_CONVERSION = YES;
				CLANG_WARN_OBJC_ROOT_CLASS = YES_ERROR;
				CLANG_WARN_QUOTED_INCLUDE_IN_FRAMEWORK_HEADER = YES;
				CLANG_WARN_RANGE_LOOP_ANALYSIS = YES;
				CLANG_WARN_STRICT_PROTOTYPES = YES;
				CLANG_WARN_SUSPICIOUS_MOVE = YES;
				CLANG_WARN_UNGUARDED_AVAILABILITY = YES_AGGRESSIVE;
				CLANG_WARN_UNREACHABLE_CODE = YES;
				CLANG_WARN__DUPLICATE_METHOD_MATCH = YES;
				COPY_PHASE_STRIP = NO;
				DEBUG_INFORMATION_FORMAT = dwarf;
				DEVELOPMENT_TEAM = D28SS25G7Y;
				ENABLE_STRICT_OBJC_MSGSEND = YES;
				ENABLE_TESTABILITY = YES;
				ENABLE_USER_SCRIPT_SANDBOXING = YES;
				GCC_C_LANGUAGE_STANDARD = gnu17;
				GCC_DYNAMIC_NO_PIC = NO;
				GCC_NO_COMMON_BLOCKS = YES;
				GCC_OPTIMIZATION_LEVEL = 0;
				GCC_PREPROCESSOR_DEFINITIONS = (
					"DEBUG=1",
					"$(inherited)",
				);
				GCC_WARN_64_TO_32_BIT_CONVERSION = YES;
				GCC_WARN_ABOUT_RETURN_TYPE = YES_ERROR;
				GCC_WARN_UNDECLARED_SELECTOR = YES;
				GCC_WARN_UNINITIALIZED_AUTOS = YES_AGGRESSIVE;
				GCC_WARN_UNUSED_FUNCTION = YES;
				GCC_WARN_UNUSED_VARIABLE = YES;
				IPHONEOS_DEPLOYMENT_TARGET = 18.5;
				LOCALIZATION_PREFERS_STRING_CATALOGS = YES;
				MTL_ENABLE_DEBUG_INFO = INCLUDE_SOURCE;
				MTL_FAST_MATH = YES;
				ONLY_ACTIVE_ARCH = YES;
				SDKROOT = iphoneos;
				SWIFT_ACTIVE_COMPILATION_CONDITIONS = "DEBUG $(inherited)";
				SWIFT_OPTIMIZATION_LEVEL = "-Onone";
			};
			name = Debug;
		};
		DDD5B43C2E2E08E600664B3A /* Release */ = {
			isa = XCBuildConfiguration;
			buildSettings = {
				ALWAYS_SEARCH_USER_PATHS = NO;
				ASSETCATALOG_COMPILER_GENERATE_SWIFT_ASSET_SYMBOL_EXTENSIONS = YES;
				CLANG_ANALYZER_LOCALIZABILITY_NONLOCALIZED = YES;
				CLANG_ANALYZER_NONNULL = YES;
				CLANG_ANALYZER_NUMBER_OBJECT_CONVERSION = YES_AGGRESSIVE;
				CLANG_CXX_LANGUAGE_STANDARD = "gnu++20";
				CLANG_ENABLE_MODULES = YES;
				CLANG_ENABLE_OBJC_ARC = YES;
				CLANG_ENABLE_OBJC_WEAK = YES;
				CLANG_WARN_BLOCK_CAPTURE_AUTORELEASING = YES;
				CLANG_WARN_BOOL_CONVERSION = YES;
				CLANG_WARN_COMMA = YES;
				CLANG_WARN_CONSTANT_CONVERSION = YES;
				CLANG_WARN_DEPRECATED_OBJC_IMPLEMENTATIONS = YES;
				CLANG_WARN_DIRECT_OBJC_ISA_USAGE = YES_ERROR;
				CLANG_WARN_DOCUMENTATION_COMMENTS = YES;
				CLANG_WARN_EMPTY_BODY = YES;
				CLANG_WARN_ENUM_CONVERSION = YES;
				CLANG_WARN_INFINITE_RECURSION = YES;
				CLANG_WARN_INT_CONVERSION = YES;
				CLANG_WARN_NON_LITERAL_NULL_CONVERSION = YES;
				CLANG_WARN_OBJC_IMPLICIT_RETAIN_SELF = YES;
				CLANG_WARN_OBJC_LITERAL_CONVERSION = YES;
				CLANG_WARN_OBJC_ROOT_CLASS = YES_ERROR;
				CLANG_WARN_QUOTED_INCLUDE_IN_FRAMEWORK_HEADER = YES;
				CLANG_WARN_RANGE_LOOP_ANALYSIS = YES;
				CLANG_WARN_STRICT_PROTOTYPES = YES;
				CLANG_WARN_SUSPICIOUS_MOVE = YES;
				CLANG_WARN_UNGUARDED_AVAILABILITY = YES_AGGRESSIVE;
				CLANG_WARN_UNREACHABLE_CODE = YES;
				CLANG_WARN__DUPLICATE_METHOD_MATCH = YES;
				COPY_PHASE_STRIP = NO;
				DEBUG_INFORMATION_FORMAT = "dwarf-with-dsym";
				DEVELOPMENT_TEAM = D28SS25G7Y;
				ENABLE_NS_ASSERTIONS = NO;
				ENABLE_STRICT_OBJC_MSGSEND = YES;
				ENABLE_USER_SCRIPT_SANDBOXING = YES;
				GCC_C_LANGUAGE_STANDARD = gnu17;
				GCC_NO_COMMON_BLOCKS = YES;
				GCC_WARN_64_TO_32_BIT_CONVERSION = YES;
				GCC_WARN_ABOUT_RETURN_TYPE = YES_ERROR;
				GCC_WARN_UNDECLARED_SELECTOR = YES;
				GCC_WARN_UNINITIALIZED_AUTOS = YES_AGGRESSIVE;
				GCC_WARN_UNUSED_FUNCTION = YES;
				GCC_WARN_UNUSED_VARIABLE = YES;
				IPHONEOS_DEPLOYMENT_TARGET = 18.5;
				LOCALIZATION_PREFERS_STRING_CATALOGS = YES;
				MTL_ENABLE_DEBUG_INFO = NO;
				MTL_FAST_MATH = YES;
				SDKROOT = iphoneos;
				SWIFT_COMPILATION_MODE = wholemodule;
				VALIDATE_PRODUCT = YES;
			};
			name = Release;
		};
/* End XCBuildConfiguration section */

/* Begin XCConfigurationList section */
		DDD5B41D2E2E08E400664B3A /* Build configuration list for PBXProject "LiveTalks" */ = {
			isa = XCConfigurationList;
			buildConfigurations = (
				DDD5B43B2E2E08E600664B3A /* Debug */,
				DDD5B43C2E2E08E600664B3A /* Release */,
			);
			defaultConfigurationIsVisible = 0;
			defaultConfigurationName = Release;
		};
		DDD5B4382E2E08E600664B3A /* Build configuration list for PBXNativeTarget "LiveTalks" */ = {
			isa = XCConfigurationList;
			buildConfigurations = (
				DDD5B4392E2E08E600664B3A /* Debug */,
				DDD5B43A2E2E08E600664B3A /* Release */,
			);
			defaultConfigurationIsVisible = 0;
			defaultConfigurationName = Release;
		};
/* End XCConfigurationList section */

/* Begin XCRemoteSwiftPackageReference section */
		DDD5B4852E2E13B300664B3A /* XCRemoteSwiftPackageReference "SnapKit" */ = {
			isa = XCRemoteSwiftPackageReference;
			repositoryURL = "https://github.com/SnapKit/SnapKit.git";
			requirement = {
				kind = upToNextMajorVersion;
				minimumVersion = 5.7.1;
			};
		};
/* End XCRemoteSwiftPackageReference section */

/* Begin XCSwiftPackageProductDependency section */
		DDD5B4862E2E13B300664B3A /* SnapKit */ = {
			isa = XCSwiftPackageProductDependency;
			package = DDD5B4852E2E13B300664B3A /* XCRemoteSwiftPackageReference "SnapKit" */;
			productName = SnapKit;
		};
/* End XCSwiftPackageProductDependency section */

/* Begin XCVersionGroup section */
		DDD5B4552E2E0AD100664B3A /* LiveTalks.xcdatamodeld */ = {
			isa = XCVersionGroup;
			children = (
				DDD5B45B2E2E0AD100664B3A /* LiveTalks.xcdatamodel */,
			);
			currentVersion = DDD5B45B2E2E0AD100664B3A /* LiveTalks.xcdatamodel */;
			path = LiveTalks.xcdatamodeld;
			sourceTree = "<group>";
			versionGroupType = wrapper.xcdatamodel;
		};
/* End XCVersionGroup section */
	};
	rootObject = DDD5B41A2E2E08E400664B3A /* Project object */;
}
