// !$*UTF8*$!
{
	archiveVersion = 1;
	classes = {
	};
	objectVersion = 77;
	objects = {

/* Begin PBXBuildFile section */
		DD2BABBD2E2E5C26004DF3F4 /* Friend+CoreDataClass.swift in Sources */ = {isa = PBXBuildFile; fileRef = DD2BABB92E2E5C26004DF3F4 /* Friend+CoreDataClass.swift */; };
		DD2BABBE2E2E5C26004DF3F4 /* Friend+CoreDataProperties.swift in Sources */ = {isa = PBXBuildFile; fileRef = DD2BABBA2E2E5C26004DF3F4 /* Friend+CoreDataProperties.swift */; };
		DD2BABBF2E2E5C26004DF3F4 /* Message+CoreDataProperties.swift in Sources */ = {isa = PBXBuildFile; fileRef = DD2BABBC2E2E5C26004DF3F4 /* Message+CoreDataProperties.swift */; };
		DD2BABC02E2E5C26004DF3F4 /* Message+CoreDataClass.swift in Sources */ = {isa = PBXBuildFile; fileRef = DD2BABBB2E2E5C26004DF3F4 /* Message+CoreDataClass.swift */; };
		DD2BABC22E2E6064004DF3F4 /* CoreDataService.swift in Sources */ = {isa = PBXBuildFile; fileRef = DD2BABC12E2E6063004DF3F4 /* CoreDataService.swift */; };
		DD2BABC52E2E8B19004DF3F4 /* Untitled.swift in Sources */ = {isa = PBXBuildFile; fileRef = DD2BABC42E2E8B19004DF3F4 /* Untitled.swift */; };
		DD2BABC72E2E990C004DF3F4 /* FriendsSheetViewControlle.swift in Sources */ = {isa = PBXBuildFile; fileRef = DD2BABC62E2E990B004DF3F4 /* FriendsSheetViewControlle.swift */; };
		DDD5B45C2E2E0AD100664B3A /* AppDelegate.swift in Sources */ = {isa = PBXBuildFile; fileRef = DDD5B4502E2E0AD100664B3A /* AppDelegate.swift */; };
		DDD5B45D2E2E0AD100664B3A /* LiveTalks.xcdatamodeld in Sources */ = {isa = PBXBuildFile; fileRef = DDD5B4552E2E0AD100664B3A /* LiveTalks.xcdatamodeld */; };
		DDD5B45E2E2E0AD100664B3A /* SceneDelegate.swift in Sources */ = {isa = PBXBuildFile; fileRef = DDD5B4582E2E0AD100664B3A /* SceneDelegate.swift */; };
		DDD5B45F2E2E0AD100664B3A /* ChatViewController.swift in Sources */ = {isa = PBXBuildFile; fileRef = DDD5B4592E2E0AD100664B3A /* ChatViewController.swift */; };
		DDD5B4602E2E0AD100664B3A /* Assets.xcassets in Resources */ = {isa = PBXBuildFile; fileRef = DDD5B4512E2E0AD100664B3A /* Assets.xcassets */; };
		DDD5B4622E2E0AD100664B3A /* LaunchScreen.storyboard in Resources */ = {isa = PBXBuildFile; fileRef = DDD5B4542E2E0AD100664B3A /* LaunchScreen.storyboard */; };
		DDD5B4672E2E0B9D00664B3A /* ChatListViewController.swift in Sources */ = {isa = PBXBuildFile; fileRef = DDD5B4662E2E0B9B00664B3A /* ChatListViewController.swift */; };
		DDD5B4692E2E0C3A00664B3A /* LocationViewController.swift in Sources */ = {isa = PBXBuildFile; fileRef = DDD5B4682E2E0C3500664B3A /* LocationViewController.swift */; };
		DDD5B46B2E2E0CA500664B3A /* SettingsViewController.swift in Sources */ = {isa = PBXBuildFile; fileRef = DDD5B46A2E2E0C9900664B3A /* SettingsViewController.swift */; };
		DDD5B46F2E2E0D9F00664B3A /* TabBarController.swift in Sources */ = {isa = PBXBuildFile; fileRef = DDD5B46E2E2E0D9B00664B3A /* TabBarController.swift */; };
		DDD5B47E2E2E11E100664B3A /* ChatView.swift in Sources */ = {isa = PBXBuildFile; fileRef = DDD5B47D2E2E11E000664B3A /* ChatView.swift */; };
		DDD5B4802E2E12AA00664B3A /* LocationView.swift in Sources */ = {isa = PBXBuildFile; fileRef = DDD5B47F2E2E12A900664B3A /* LocationView.swift */; };
		DDD5B4822E2E135200664B3A /* ChatHistoryView.swift in Sources */ = {isa = PBXBuildFile; fileRef = DDD5B4812E2E134900664B3A /* ChatHistoryView.swift */; };
		DDD5B4842E2E136C00664B3A /* SettingsView.swift in Sources */ = {isa = PBXBuildFile; fileRef = DDD5B4832E2E136500664B3A /* SettingsView.swift */; };
		DDD5B4872E2E13B300664B3A /* SnapKit in Frameworks */ = {isa = PBXBuildFile; productRef = DDD5B4862E2E13B300664B3A /* SnapKit */; };
/* End PBXBuildFile section */

/* Begin PBXFileReference section */
		DD2BABB92E2E5C26004DF3F4 /* Friend+CoreDataClass.swift */ = {isa = PBXFileReference; lastKnownFileType = sourcecode.swift; path = "Friend+CoreDataClass.swift"; sourceTree = "<group>"; };
		DD2BABBA2E2E5C26004DF3F4 /* Friend+CoreDataProperties.swift */ = {isa = PBXFileReference; lastKnownFileType = sourcecode.swift; path = "Friend+CoreDataProperties.swift"; sourceTree = "<group>"; };
		DD2BABBB2E2E5C26004DF3F4 /* Message+CoreDataClass.swift */ = {isa = PBXFileReference; lastKnownFileType = sourcecode.swift; path = "Message+CoreDataClass.swift"; sourceTree = "<group>"; };
		DD2BABBC2E2E5C26004DF3F4 /* Message+CoreDataProperties.swift */ = {isa = PBXFileReference; lastKnownFileType = sourcecode.swift; path = "Message+CoreDataProperties.swift"; sourceTree = "<group>"; };
		DD2BABC12E2E6063004DF3F4 /* CoreDataService.swift */ = {isa = PBXFileReference; lastKnownFileType = sourcecode.swift; path = CoreDataService.swift; sourceTree = "<group>"; };
		DD2BABC42E2E8B19004DF3F4 /* Untitled.swift */ = {isa = PBXFileReference; lastKnownFileType = sourcecode.swift; path = Untitled.swift; sourceTree = "<group>"; };
		DD2BABC62E2E990B004DF3F4 /* FriendsSheetViewControlle.swift */ = {isa = PBXFileReference; lastKnownFileType = sourcecode.swift; path = FriendsSheetViewControlle.swift; sourceTree = "<group>"; };
		DDD5B4222E2E08E400664B3A /* LiveTalks.app */ = {isa = PBXFileReference; explicitFileType = wrapper.application; includeInIndex = 0; path = LiveTalks.app; sourceTree = BUILT_PRODUCTS_DIR; };
		DDD5B4502E2E0AD100664B3A /* AppDelegate.swift */ = {isa = PBXFileReference; lastKnownFileType = sourcecode.swift; path = AppDelegate.swift; sourceTree = "<group>"; };
		DDD5B4512E2E0AD100664B3A /* Assets.xcassets */ = {isa = PBXFileReference; lastKnownFileType = folder.assetcatalog; path = Assets.xcassets; sourceTree = "<group>"; };
		DDD5B4522E2E0AD100664B3A /* Info.plist */ = {isa = PBXFileReference; lastKnownFileType = text.plist.xml; path = Info.plist; sourceTree = "<group>"; };
		DDD5B4532E2E0AD100664B3A /* Base */ = {isa = PBXFileReference; lastKnownFileType = file.storyboard; name = Base; path = Base.lproj/LaunchScreen.storyboard; sourceTree = "<group>"; };
		DDD5B4582E2E0AD100664B3A /* SceneDelegate.swift */ = {isa = PBXFileReference; lastKnownFileType = sourcecode.swift; path = SceneDelegate.swift; sourceTree = "<group>"; };
		DDD5B4592E2E0AD100664B3A /* ChatViewController.swift */ = {isa = PBXFileReference; lastKnownFileType = sourcecode.swift; path = ChatViewController.swift; sourceTree = "<group>"; };
		DDD5B45B2E2E0AD100664B3A /* LiveTalks.xcdatamodel */ = {isa = PBXFileReference; lastKnownFileType = wrapper.xcdatamodel; path = LiveTalks.xcdatamodel; sourceTree = "<group>"; };
		DDD5B4662E2E0B9B00664B3A /* ChatListViewController.swift */ = {isa = PBXFileReference; lastKnownFileType = sourcecode.swift; path = ChatListViewController.swift; sourceTree = "<group>"; };
		DDD5B4682E2E0C3500664B3A /* LocationViewController.swift */ = {isa = PBXFileReference; lastKnownFileType = sourcecode.swift; path = LocationViewController.swift; sourceTree = "<group>"; };
		DDD5B46A2E2E0C9900664B3A /* SettingsViewController.swift */ = {isa = PBXFileReference; lastKnownFileType = sourcecode.swift; path = SettingsViewController.swift; sourceTree = "<group>"; };
		DDD5B46E2E2E0D9B00664B3A /* TabBarController.swift */ = {isa = PBXFileReference; lastKnownFileType = sourcecode.swift; path = TabBarController.swift; sourceTree = "<group>"; };
		DDD5B47D2E2E11E000664B3A /* ChatView.swift */ = {isa = PBXFileReference; lastKnownFileType = sourcecode.swift; path = ChatView.swift; sourceTree = "<group>"; };
		DDD5B47F2E2E12A900664B3A /* LocationView.swift */ = {isa = PBXFileReference; lastKnownFileType = sourcecode.swift; path = LocationView.swift; sourceTree = "<group>"; };
		DDD5B4812E2E134900664B3A /* ChatHistoryView.swift */ = {isa = PBXFileReference; lastKnownFileType = sourcecode.swift; path = ChatHistoryView.swift; sourceTree = "<group>"; };
		DDD5B4832E2E136500664B3A /* SettingsView.swift */ = {isa = PBXFileReference; lastKnownFileType = sourcecode.swift; path = SettingsView.swift; sourceTree = "<group>"; };
/* End PBXFileReference section */

/* Begin PBXFrameworksBuildPhase section */
		DDD5B41F2E2E08E400664B3A /* Frameworks */ = {
			isa = PBXFrameworksBuildPhase;
			buildActionMask = 2147483647;
			files = (
				DDD5B4872E2E13B300664B3A /* SnapKit in Frameworks */,
			);
			runOnlyForDeploymentPostprocessing = 0;
		};
/* End PBXFrameworksBuildPhase section */

/* Begin PBXGroup section */
		DD10E8D22E2E54A8008F5FB6 /* Entities */ = {
			isa = PBXGroup;
			children = (
				DDD5B4552E2E0AD100664B3A /* LiveTalks.xcdatamodeld */,
			);
			path = Entities;
			sourceTree = "<group>";
		};
		DD10E8D32E2E54A8008F5FB6 /* LocalStorageService */ = {
			isa = PBXGroup;
			children = (
				DD2BABC12E2E6063004DF3F4 /* CoreDataService.swift */,
				DD2BABB92E2E5C26004DF3F4 /* Friend+CoreDataClass.swift */,
				DD2BABBA2E2E5C26004DF3F4 /* Friend+CoreDataProperties.swift */,
				DD2BABBB2E2E5C26004DF3F4 /* Message+CoreDataClass.swift */,
				DD2BABBC2E2E5C26004DF3F4 /* Message+CoreDataProperties.swift */,
				DD10E8D22E2E54A8008F5FB6 /* Entities */,
			);
			path = LocalStorageService;
			sourceTree = "<group>";
		};
		DD2BABC32E2E70FF004DF3F4 /* Services */ = {
			isa = PBXGroup;
			children = (
				DD10E8D32E2E54A8008F5FB6 /* LocalStorageService */,
			);
			path = Services;
			sourceTree = "<group>";
		};
		DDD5B4192E2E08E400664B3A = {
			isa = PBXGroup;
			children = (
				DDD5B45A2E2E0AD100664B3A /* LiveTalks */,
				DDD5B4232E2E08E400664B3A /* Products */,
			);
			sourceTree = "<group>";
		};
		DDD5B4232E2E08E400664B3A /* Products */ = {
			isa = PBXGroup;
			children = (
				DDD5B4222E2E08E400664B3A /* LiveTalks.app */,
			);
			name = Products;
			sourceTree = "<group>";
		};
		DDD5B45A2E2E0AD100664B3A /* LiveTalks */ = {
			isa = PBXGroup;
			children = (
				DDD5B4642E2E0AD600664B3A /* App */,
				DDD5B46D2E2E0D5B00664B3A /* TabBar */,
				DD2BABC32E2E70FF004DF3F4 /* Services */,
				DDD5B4542E2E0AD100664B3A /* LaunchScreen.storyboard */,
				DDD5B4522E2E0AD100664B3A /* Info.plist */,
				DDD5B4512E2E0AD100664B3A /* Assets.xcassets */,
			);
			path = LiveTalks;
			sourceTree = "<group>";
		};
		DDD5B4642E2E0AD600664B3A /* App */ = {
			isa = PBXGroup;
			children = (
				DDD5B4502E2E0AD100664B3A /* AppDelegate.swift */,
				DDD5B4582E2E0AD100664B3A /* SceneDelegate.swift */,
			);
			path = App;
			sourceTree = "<group>";
		};
		DDD5B46D2E2E0D5B00664B3A /* TabBar */ = {
			isa = PBXGroup;
			children = (
				DDD5B46E2E2E0D9B00664B3A /* TabBarController.swift */,
				DDD5B4702E2E10B500664B3A /* Tabs */,
			);
			path = TabBar;
			sourceTree = "<group>";
		};
		DDD5B4702E2E10B500664B3A /* Tabs */ = {
			isa = PBXGroup;
			children = (
				DDD5B4762E2E10EF00664B3A /* TabChat */,
				DDD5B4752E2E10EB00664B3A /* TabLocation */,
				DDD5B4742E2E10E600664B3A /* TabChatHistory */,
				DDD5B4712E2E10C400664B3A /* TabSettings */,
			);
			path = Tabs;
			sourceTree = "<group>";
		};
		DDD5B4712E2E10C400664B3A /* TabSettings */ = {
			isa = PBXGroup;
			children = (
				DDD5B4732E2E10E000664B3A /* Views */,
				DDD5B4722E2E10C900664B3A /* ViewControllers */,
			);
			path = TabSettings;
			sourceTree = "<group>";
		};
		DDD5B4722E2E10C900664B3A /* ViewControllers */ = {
			isa = PBXGroup;
			children = (
				DDD5B46A2E2E0C9900664B3A /* SettingsViewController.swift */,
			);
			path = ViewControllers;
			sourceTree = "<group>";
		};
		DDD5B4732E2E10E000664B3A /* Views */ = {
			isa = PBXGroup;
			children = (
				DDD5B4832E2E136500664B3A /* SettingsView.swift */,
			);
			path = Views;
			sourceTree = "<group>";
		};
		DDD5B4742E2E10E600664B3A /* TabChatHistory */ = {
			isa = PBXGroup;
			children = (
				DDD5B4782E2E10F900664B3A /* Views */,
				DDD5B4772E2E10F400664B3A /* ViewControllers */,
			);
			path = TabChatHistory;
			sourceTree = "<group>";
		};
		DDD5B4752E2E10EB00664B3A /* TabLocation */ = {
			isa = PBXGroup;
			children = (
				DDD5B47A2E2E110300664B3A /* Views */,
				DDD5B4792E2E10FE00664B3A /* ViewControllers */,
			);
			path = TabLocation;
			sourceTree = "<group>";
		};
		DDD5B4762E2E10EF00664B3A /* TabChat */ = {
			isa = PBXGroup;
			children = (
				DDD5B47C2E2E111900664B3A /* Views */,
				DDD5B47B2E2E110C00664B3A /* ViewControllers */,
			);
			path = TabChat;
			sourceTree = "<group>";
		};
		DDD5B4772E2E10F400664B3A /* ViewControllers */ = {
			isa = PBXGroup;
			children = (
				DDD5B4662E2E0B9B00664B3A /* ChatListViewController.swift */,
			);
			path = ViewControllers;
			sourceTree = "<group>";
		};
		DDD5B4782E2E10F900664B3A /* Views */ = {
			isa = PBXGroup;
			children = (
				DDD5B4812E2E134900664B3A /* ChatHistoryView.swift */,
			);
			path = Views;
			sourceTree = "<group>";
		};
		DDD5B4792E2E10FE00664B3A /* ViewControllers */ = {
			isa = PBXGroup;
			children = (
				DDD5B4682E2E0C3500664B3A /* LocationViewController.swift */,
			);
			path = ViewControllers;
			sourceTree = "<group>";
		};
		DDD5B47A2E2E110300664B3A /* Views */ = {
			isa = PBXGroup;
			children = (
				DDD5B47F2E2E12A900664B3A /* LocationView.swift */,
			);
			path = Views;
			sourceTree = "<group>";
		};
		DDD5B47B2E2E110C00664B3A /* ViewControllers */ = {
			isa = PBXGroup;
			children = (
				DD2BABC42E2E8B19004DF3F4 /* Untitled.swift */,
				DDD5B4592E2E0AD100664B3A /* ChatViewController.swift */,
				DD2BABC62E2E990B004DF3F4 /* FriendsSheetViewControlle.swift */,
			);
			path = ViewControllers;
			sourceTree = "<group>";
		};
		DDD5B47C2E2E111900664B3A /* Views */ = {
			isa = PBXGroup;
			children = (
				DDD5B47D2E2E11E000664B3A /* ChatView.swift */,
			);
			path = Views;
			sourceTree = "<group>";
		};
/* End PBXGroup section */

/* Begin PBXNativeTarget section */
		DDD5B4212E2E08E400664B3A /* LiveTalks */ = {
			isa = PBXNativeTarget;
			buildConfigurationList = DDD5B4382E2E08E600664B3A /* Build configuration list for PBXNativeTarget "LiveTalks" */;
			buildPhases = (
				DDD5B41E2E2E08E400664B3A /* Sources */,
				DDD5B41F2E2E08E400664B3A /* Frameworks */,
				DDD5B4202E2E08E400664B3A /* Resources */,
			);
			buildRules = (
			);
			dependencies = (
			);
			name = LiveTalks;
			packageProductDependencies = (
				DDD5B4862E2E13B300664B3A /* SnapKit */,
			);
			productName = LiveTalks;
			productReference = DDD5B4222E2E08E400664B3A /* LiveTalks.app */;
			productType = "com.apple.product-type.application";
		};
/* End PBXNativeTarget section */

/* Begin PBXProject section */
		DDD5B41A2E2E08E400664B3A /* Project object */ = {
			isa = PBXProject;
			attributes = {
				BuildIndependentTargetsInParallel = 1;
				LastSwiftUpdateCheck = 1640;
				LastUpgradeCheck = 1640;
				TargetAttributes = {
					DDD5B4212E2E08E400664B3A = {
						CreatedOnToolsVersion = 16.4;
					};
				};
			};
			buildConfigurationList = DDD5B41D2E2E08E400664B3A /* Build configuration list for PBXProject "LiveTalks" */;
			developmentRegion = en;
			hasScannedForEncodings = 0;
			knownRegions = (
				en,
				Base,
			);
			mainGroup = DDD5B4192E2E08E400664B3A;
			minimizedProjectReferenceProxies = 1;
			packageReferences = (
				DDD5B4852E2E13B300664B3A /* XCRemoteSwiftPackageReference "SnapKit" */,
			);
			preferredProjectObjectVersion = 77;
			productRefGroup = DDD5B4232E2E08E400664B3A /* Products */;
			projectDirPath = "";
			projectRoot = "";
			targets = (
				DDD5B4212E2E08E400664B3A /* LiveTalks */,
			);
		};
/* End PBXProject section */

/* Begin PBXResourcesBuildPhase section */
		DDD5B4202E2E08E400664B3A /* Resources */ = {
			isa = PBXResourcesBuildPhase;
			buildActionMask = 2147483647;
			files = (
				DDD5B4602E2E0AD100664B3A /* Assets.xcassets in Resources */,
				DDD5B4622E2E0AD100664B3A /* LaunchScreen.storyboard in Resources */,
			);
			runOnlyForDeploymentPostprocessing = 0;
		};
/* End PBXResourcesBuildPhase section */

/* Begin PBXSourcesBuildPhase section */
		DDD5B41E2E2E08E400664B3A /* Sources */ = {
			isa = PBXSourcesBuildPhase;
			buildActionMask = 2147483647;
			files = (
				DDD5B45C2E2E0AD100664B3A /* AppDelegate.swift in Sources */,
				DDD5B4822E2E135200664B3A /* ChatHistoryView.swift in Sources */,
				DDD5B46F2E2E0D9F00664B3A /* TabBarController.swift in Sources */,
				DDD5B45D2E2E0AD100664B3A /* LiveTalks.xcdatamodeld in Sources */,
				DDD5B47E2E2E11E100664B3A /* ChatView.swift in Sources */,
				DDD5B46B2E2E0CA500664B3A /* SettingsViewController.swift in Sources */,
				DDD5B45E2E2E0AD100664B3A /* SceneDelegate.swift in Sources */,
				DDD5B4802E2E12AA00664B3A /* LocationView.swift in Sources */,
				DDD5B4692E2E0C3A00664B3A /* LocationViewController.swift in Sources */,
				DDD5B4842E2E136C00664B3A /* SettingsView.swift in Sources */,
				DDD5B45F2E2E0AD100664B3A /* ChatViewController.swift in Sources */,
				DD2BABC22E2E6064004DF3F4 /* CoreDataService.swift in Sources */,
				DD2BABC52E2E8B19004DF3F4 /* Untitled.swift in Sources */,
				DD2BABBD2E2E5C26004DF3F4 /* Friend+CoreDataClass.swift in Sources */,
				DD2BABC72E2E990C004DF3F4 /* FriendsSheetViewControlle.swift in Sources */,
				DD2BABBE2E2E5C26004DF3F4 /* Friend+CoreDataProperties.swift in Sources */,
				DD2BABBF2E2E5C26004DF3F4 /* Message+CoreDataProperties.swift in Sources */,
				DD2BABC02E2E5C26004DF3F4 /* Message+CoreDataClass.swift in Sources */,
				DDD5B4672E2E0B9D00664B3A /* ChatListViewController.swift in Sources */,
			);
			runOnlyForDeploymentPostprocessing = 0;
		};
/* End PBXSourcesBuildPhase section */

/* Begin PBXVariantGroup section */
		DDD5B4542E2E0AD100664B3A /* LaunchScreen.storyboard */ = {
			isa = PBXVariantGroup;
			children = (
				DDD5B4532E2E0AD100664B3A /* Base */,
			);
			name = LaunchScreen.storyboard;
			sourceTree = "<group>";
		};
/* End PBXVariantGroup section */

/* Begin XCBuildConfiguration section */
		DDD5B4392E2E08E600664B3A /* Debug */ = {
			isa = XCBuildConfiguration;
			buildSettings = {
				ASSETCATALOG_COMPILER_APPICON_NAME = AppIcon;
				ASSETCATALOG_COMPILER_GLOBAL_ACCENT_COLOR_NAME = AccentColor;
				CODE_SIGN_STYLE = Automatic;
				CURRENT_PROJECT_VERSION = 1;
				DEVELOPMENT_TEAM = D28SS25G7Y;
				GENERATE_INFOPLIST_FILE = YES;
				INFOPLIST_FILE = LiveTalks/Info.plist;
				INFOPLIST_KEY_UIApplicationSupportsIndirectInputEvents = YES;
				INFOPLIST_KEY_UILaunchStoryboardName = LaunchScreen;
				INFOPLIST_KEY_UISupportedInterfaceOrientations_iPad = "UIInterfaceOrientationPortrait UIInterfaceOrientationPortraitUpsideDown UIInterfaceOrientationLandscapeLeft UIInterfaceOrientationLandscapeRight";
				INFOPLIST_KEY_UISupportedInterfaceOrientations_iPhone = "UIInterfaceOrientationPortrait UIInterfaceOrientationLandscapeLeft UIInterfaceOrientationLandscapeRight";
				IPHONEOS_DEPLOYMENT_TARGET = 16.0;
				LD_RUNPATH_SEARCH_PATHS = (
					"$(inherited)",
					"@executable_path/Frameworks",
				);
				MARKETING_VERSION = 1.0;
				PRODUCT_BUNDLE_IDENTIFIER = com.LiveTalks;
				PRODUCT_NAME = "$(TARGET_NAME)";
				SWIFT_EMIT_LOC_STRINGS = YES;
				SWIFT_VERSION = 5.0;
				TARGETED_DEVICE_FAMILY = "1,2";
			};
			name = Debug;
		};
		DDD5B43A2E2E08E600664B3A /* Release */ = {
			isa = XCBuildConfiguration;
			buildSettings = {
				ASSETCATALOG_COMPILER_APPICON_NAME = AppIcon;
				ASSETCATALOG_COMPILER_GLOBAL_ACCENT_COLOR_NAME = AccentColor;
				CODE_SIGN_STYLE = Automatic;
				CURRENT_PROJECT_VERSION = 1;
				DEVELOPMENT_TEAM = D28SS25G7Y;
				GENERATE_INFOPLIST_FILE = YES;
				INFOPLIST_FILE = LiveTalks/Info.plist;
				INFOPLIST_KEY_UIApplicationSupportsIndirectInputEvents = YES;
				INFOPLIST_KEY_UILaunchStoryboardName = LaunchScreen;
				INFOPLIST_KEY_UISupportedInterfaceOrientations_iPad = "UIInterfaceOrientationPortrait UIInterfaceOrientationPortraitUpsideDown UIInterfaceOrientationLandscapeLeft UIInterfaceOrientationLandscapeRight";
				INFOPLIST_KEY_UISupportedInterfaceOrientations_iPhone = "UIInterfaceOrientationPortrait UIInterfaceOrientationLandscapeLeft UIInterfaceOrientationLandscapeRight";
				IPHONEOS_DEPLOYMENT_TARGET = 16.0;
				LD_RUNPATH_SEARCH_PATHS = (
					"$(inherited)",
					"@executable_path/Frameworks",
				);
				MARKETING_VERSION = 1.0;
				PRODUCT_BUNDLE_IDENTIFIER = com.LiveTalks;
				PRODUCT_NAME = "$(TARGET_NAME)";
				SWIFT_EMIT_LOC_STRINGS = YES;
				SWIFT_VERSION = 5.0;
				TARGETED_DEVICE_FAMILY = "1,2";
			};
			name = Release;
		};
		DDD5B43B2E2E08E600664B3A /* Debug */ = {
			isa = XCBuildConfiguration;
			buildSettings = {
				ALWAYS_SEARCH_USER_PATHS = NO;
				ASSETCATALOG_COMPILER_GENERATE_SWIFT_ASSET_SYMBOL_EXTENSIONS = YES;
				CLANG_ANALYZER_NONNULL = YES;
				CLANG_ANALYZER_NUMBER_OBJECT_CONVERSION = YES_AGGRESSIVE;
				CLANG_CXX_LANGUAGE_STANDARD = "gnu++20";
				CLANG_ENABLE_MODULES = YES;
				CLANG_ENABLE_OBJC_ARC = YES;
				CLANG_ENABLE_OBJC_WEAK = YES;
				CLANG_WARN_BLOCK_CAPTURE_AUTORELEASING = YES;
				CLANG_WARN_BOOL_CONVERSION = YES;
				CLANG_WARN_COMMA = YES;
				CLANG_WARN_CONSTANT_CONVERSION = YES;
				CLANG_WARN_DEPRECATED_OBJC_IMPLEMENTATIONS = YES;
				CLANG_WARN_DIRECT_OBJC_ISA_USAGE = YES_ERROR;
				CLANG_WARN_DOCUMENTATION_COMMENTS = YES;
				CLANG_WARN_EMPTY_BODY = YES;
				CLANG_WARN_ENUM_CONVERSION = YES;
				CLANG_WARN_INFINITE_RECURSION = YES;
				CLANG_WARN_INT_CONVERSION = YES;
				CLANG_WARN_NON_LITERAL_NULL_CONVERSION = YES;
				CLANG_WARN_OBJC_IMPLICIT_RETAIN_SELF = YES;
				CLANG_WARN_OBJC_LITERAL_CONVERSION = YES;
				CLANG_WARN_OBJC_ROOT_CLASS = YES_ERROR;
				CLANG_WARN_QUOTED_INCLUDE_IN_FRAMEWORK_HEADER = YES;
				CLANG_WARN_RANGE_LOOP_ANALYSIS = YES;
				CLANG_WARN_STRICT_PROTOTYPES = YES;
				CLANG_WARN_SUSPICIOUS_MOVE = YES;
				CLANG_WARN_UNGUARDED_AVAILABILITY = YES_AGGRESSIVE;
				CLANG_WARN_UNREACHABLE_CODE = YES;
				CLANG_WARN__DUPLICATE_METHOD_MATCH = YES;
				COPY_PHASE_STRIP = NO;
				DEBUG_INFORMATION_FORMAT = dwarf;
				DEVELOPMENT_TEAM = D28SS25G7Y;
				ENABLE_STRICT_OBJC_MSGSEND = YES;
				ENABLE_TESTABILITY = YES;
				ENABLE_USER_SCRIPT_SANDBOXING = YES;
				GCC_C_LANGUAGE_STANDARD = gnu17;
				GCC_DYNAMIC_NO_PIC = NO;
				GCC_NO_COMMON_BLOCKS = YES;
				GCC_OPTIMIZATION_LEVEL = 0;
				GCC_PREPROCESSOR_DEFINITIONS = (
					"DEBUG=1",
					"$(inherited)",
				);
				GCC_WARN_64_TO_32_BIT_CONVERSION = YES;
				GCC_WARN_ABOUT_RETURN_TYPE = YES_ERROR;
				GCC_WARN_UNDECLARED_SELECTOR = YES;
				GCC_WARN_UNINITIALIZED_AUTOS = YES_AGGRESSIVE;
				GCC_WARN_UNUSED_FUNCTION = YES;
				GCC_WARN_UNUSED_VARIABLE = YES;
				IPHONEOS_DEPLOYMENT_TARGET = 18.5;
				LOCALIZATION_PREFERS_STRING_CATALOGS = YES;
				MTL_ENABLE_DEBUG_INFO = INCLUDE_SOURCE;
				MTL_FAST_MATH = YES;
				ONLY_ACTIVE_ARCH = YES;
				SDKROOT = iphoneos;
				SWIFT_ACTIVE_COMPILATION_CONDITIONS = "DEBUG $(inherited)";
				SWIFT_OPTIMIZATION_LEVEL = "-Onone";
			};
			name = Debug;
		};
		DDD5B43C2E2E08E600664B3A /* Release */ = {
			isa = XCBuildConfiguration;
			buildSettings = {
				ALWAYS_SEARCH_USER_PATHS = NO;
				ASSETCATALOG_COMPILER_GENERATE_SWIFT_ASSET_SYMBOL_EXTENSIONS = YES;
				CLANG_ANALYZER_NONNULL = YES;
				CLANG_ANALYZER_NUMBER_OBJECT_CONVERSION = YES_AGGRESSIVE;
				CLANG_CXX_LANGUAGE_STANDARD = "gnu++20";
				CLANG_ENABLE_MODULES = YES;
				CLANG_ENABLE_OBJC_ARC = YES;
				CLANG_ENABLE_OBJC_WEAK = YES;
				CLANG_WARN_BLOCK_CAPTURE_AUTORELEASING = YES;
				CLANG_WARN_BOOL_CONVERSION = YES;
				CLANG_WARN_COMMA = YES;
				CLANG_WARN_CONSTANT_CONVERSION = YES;
				CLANG_WARN_DEPRECATED_OBJC_IMPLEMENTATIONS = YES;
				CLANG_WARN_DIRECT_OBJC_ISA_USAGE = YES_ERROR;
				CLANG_WARN_DOCUMENTATION_COMMENTS = YES;
				CLANG_WARN_EMPTY_BODY = YES;
				CLANG_WARN_ENUM_CONVERSION = YES;
				CLANG_WARN_INFINITE_RECURSION = YES;
				CLANG_WARN_INT_CONVERSION = YES;
				CLANG_WARN_NON_LITERAL_NULL_CONVERSION = YES;
				CLANG_WARN_OBJC_IMPLICIT_RETAIN_SELF = YES;
				CLANG_WARN_OBJC_LITERAL_CONVERSION = YES;
				CLANG_WARN_OBJC_ROOT_CLASS = YES_ERROR;
				CLANG_WARN_QUOTED_INCLUDE_IN_FRAMEWORK_HEADER = YES;
				CLANG_WARN_RANGE_LOOP_ANALYSIS = YES;
				CLANG_WARN_STRICT_PROTOTYPES = YES;
				CLANG_WARN_SUSPICIOUS_MOVE = YES;
				CLANG_WARN_UNGUARDED_AVAILABILITY = YES_AGGRESSIVE;
				CLANG_WARN_UNREACHABLE_CODE = YES;
				CLANG_WARN__DUPLICATE_METHOD_MATCH = YES;
				COPY_PHASE_STRIP = NO;
				DEBUG_INFORMATION_FORMAT = "dwarf-with-dsym";
				DEVELOPMENT_TEAM = D28SS25G7Y;
				ENABLE_NS_ASSERTIONS = NO;
				ENABLE_STRICT_OBJC_MSGSEND = YES;
				ENABLE_USER_SCRIPT_SANDBOXING = YES;
				GCC_C_LANGUAGE_STANDARD = gnu17;
				GCC_NO_COMMON_BLOCKS = YES;
				GCC_WARN_64_TO_32_BIT_CONVERSION = YES;
				GCC_WARN_ABOUT_RETURN_TYPE = YES_ERROR;
				GCC_WARN_UNDECLARED_SELECTOR = YES;
				GCC_WARN_UNINITIALIZED_AUTOS = YES_AGGRESSIVE;
				GCC_WARN_UNUSED_FUNCTION = YES;
				GCC_WARN_UNUSED_VARIABLE = YES;
				IPHONEOS_DEPLOYMENT_TARGET = 18.5;
				LOCALIZATION_PREFERS_STRING_CATALOGS = YES;
				MTL_ENABLE_DEBUG_INFO = NO;
				MTL_FAST_MATH = YES;
				SDKROOT = iphoneos;
				SWIFT_COMPILATION_MODE = wholemodule;
				VALIDATE_PRODUCT = YES;
			};
			name = Release;
		};
/* End XCBuildConfiguration section */

/* Begin XCConfigurationList section */
		DDD5B41D2E2E08E400664B3A /* Build configuration list for PBXProject "LiveTalks" */ = {
			isa = XCConfigurationList;
			buildConfigurations = (
				DDD5B43B2E2E08E600664B3A /* Debug */,
				DDD5B43C2E2E08E600664B3A /* Release */,
			);
			defaultConfigurationIsVisible = 0;
			defaultConfigurationName = Release;
		};
		DDD5B4382E2E08E600664B3A /* Build configuration list for PBXNativeTarget "LiveTalks" */ = {
			isa = XCConfigurationList;
			buildConfigurations = (
				DDD5B4392E2E08E600664B3A /* Debug */,
				DDD5B43A2E2E08E600664B3A /* Release */,
			);
			defaultConfigurationIsVisible = 0;
			defaultConfigurationName = Release;
		};
/* End XCConfigurationList section */

/* Begin XCRemoteSwiftPackageReference section */
		DDD5B4852E2E13B300664B3A /* XCRemoteSwiftPackageReference "SnapKit" */ = {
			isa = XCRemoteSwiftPackageReference;
			repositoryURL = "https://github.com/SnapKit/SnapKit.git";
			requirement = {
				kind = upToNextMajorVersion;
				minimumVersion = 5.7.1;
			};
		};
/* End XCRemoteSwiftPackageReference section */

/* Begin XCSwiftPackageProductDependency section */
		DDD5B4862E2E13B300664B3A /* SnapKit */ = {
			isa = XCSwiftPackageProductDependency;
			package = DDD5B4852E2E13B300664B3A /* XCRemoteSwiftPackageReference "SnapKit" */;
			productName = SnapKit;
		};
/* End XCSwiftPackageProductDependency section */

/* Begin XCVersionGroup section */
		DDD5B4552E2E0AD100664B3A /* LiveTalks.xcdatamodeld */ = {
			isa = XCVersionGroup;
			children = (
				DDD5B45B2E2E0AD100664B3A /* LiveTalks.xcdatamodel */,
			);
			currentVersion = DDD5B45B2E2E0AD100664B3A /* LiveTalks.xcdatamodel */;
			path = LiveTalks.xcdatamodeld;
			sourceTree = "<group>";
			versionGroupType = wrapper.xcdatamodel;
		};
/* End XCVersionGroup section */
	};
	rootObject = DDD5B41A2E2E08E400664B3A /* Project object */;
}
